
Microsoft Visual Studio Solution File, Format Version 11.00
# Visual Studio 2010
Project("{FAE04EC0-301F-11D3-BF4B-00C04F79EFBC}") = "Common", "Common\Common.csproj", "{CFCD1530-535B-4BA3-838E-757A2CB39A38}"
EndProject
Project("{FAE04EC0-301F-11D3-BF4B-00C04F79EFBC}") = "Config", "Config\Config.csproj", "{EA805AD9-5CB9-4F2B-99FE-AE22D26176D4}"
EndProject
Project("{FAE04EC0-301F-11D3-BF4B-00C04F79EFBC}") = "DBHelper", "DBHelper\DBHelper.csproj", "{49B538E6-0A50-457B-9B04-7689CC66523D}"
EndProject
Project("{FAE04EC0-301F-11D3-BF4B-00C04F79EFBC}") = "WinAPI", "WinAPI\WinAPI.csproj", "{D0BB16ED-830A-4CCE-AA92-B9651DB10B9F}"
EndProject
Project("{FAE04EC0-301F-11D3-BF4B-00C04F79EFBC}") = "CFile", "CFile\CFile.csproj", "{A1F04DDB-73DD-4C02-AFFB-B41C09946D18}"
EndProject
Project("{FAE04EC0-301F-11D3-BF4B-00C04F79EFBC}") = "Net", "Net\Net.csproj", "{223DDB11-57C1-4D11-B8E5-EFEFD7381C0C}"
EndProject
Project("{FAE04EC0-301F-11D3-BF4B-00C04F79EFBC}") = "Extension", "Extension\Extension.csproj", "{24B7B103-654A-4A96-9942-96589BD9D8DF}"
EndProject
Project("{FAE04EC0-301F-11D3-BF4B-00C04F79EFBC}") = "Data", "Data\Data.csproj", "{C0B7AEDE-B0AC-4F17-B4A4-CBE7B9CCA4EC}"
EndProject
Project("{2150E333-8FDC-42A3-9474-1A3956D46DE8}") = "TestProjects", "TestProjects", "{7F93E62E-A774-4903-8435-588A9C5C63F8}"
EndProject
Project("{FAE04EC0-301F-11D3-BF4B-00C04F79EFBC}") = "TcpServer", "TestProjects\TcpServer\TcpServer.csproj", "{5EE91178-4C73-4FE6-91B1-8B891783BDDC}"
EndProject
Project("{FAE04EC0-301F-11D3-BF4B-00C04F79EFBC}") = "Test_DotNet", "TestProjects\Test_Net\Test_DotNet.csproj", "{82E7E206-2BBA-4242-9BE2-609326179950}"
EndProject
Project("{FAE04EC0-301F-11D3-BF4B-00C04F79EFBC}") = "FrmTest", "TestProjects\TestNetIM\FrmTest.csproj", "{0DE48E0B-8FFF-4985-9F7E-8671BDF404A6}"
EndProject
Project("{FAE04EC0-301F-11D3-BF4B-00C04F79EFBC}") = "TcpClient", "TestProjects\TcpClient\TcpClient.csproj", "{D09FB004-6A99-4EAF-B3DD-680F796C3AD3}"
EndProject
Project("{FAE04EC0-301F-11D3-BF4B-00C04F79EFBC}") = "RedundantClient", "TestProjects\RedundantClient\RedundantClient.csproj", "{3E273DB8-2470-4BCF-BE87-FDD4BC91E72A}"
EndProject
Project("{FAE04EC0-301F-11D3-BF4B-00C04F79EFBC}") = "RedundantSrv", "TestProjects\RedundantSrv\RedundantSrv.csproj", "{77DFD47E-5088-49E3-81D4-9702FB1EF1AD}"
EndProject
Project("{FAE04EC0-301F-11D3-BF4B-00C04F79EFBC}") = "Plugin", "Plugin\Plugin.csproj", "{2DC42811-DBFF-43CE-9B38-E5B3D43C317D}"
EndProject
Project("{FAE04EC0-301F-11D3-BF4B-00C04F79EFBC}") = "ConsoleTest", "TestProjects\ConsoleTest\ConsoleTest.csproj", "{2C797B55-7371-4B63-B4A2-23A354E6F0D0}"
EndProject
Project("{FAE04EC0-301F-11D3-BF4B-00C04F79EFBC}") = "FrmTools", "TestProjects\FrmTools\FrmTools.csproj", "{CF8D60BF-69CA-461E-84A4-CD9AC1472427}"
EndProject
Project("{FAE04EC0-301F-11D3-BF4B-00C04F79EFBC}") = "MsgData", "MsgData\MsgData.csproj", "{92D8FF2E-A99C-410B-9C4E-7961CA4DADB3}"
EndProject
Project("{FAE04EC0-301F-11D3-BF4B-00C04F79EFBC}") = "SSH", "SSH\SSH.csproj", "{D27CF69D-4681-492A-BE4D-D3D209104423}"
EndProject
Project("{2150E333-8FDC-42A3-9474-1A3956D46DE8}") = "Solution Items", "Solution Items", "{004F833E-30AF-4A72-B739-29E77A184378}"
	ProjectSection(SolutionItems) = preProject
		SHCre.Xugd1.vsmdi = SHCre.Xugd1.vsmdi
	EndProjectSection
EndProject
Project("{FAE04EC0-301F-11D3-BF4B-00C04F79EFBC}") = "Office", "Office\Office.csproj", "{E9F767AD-182D-4B7F-A706-414F51ADB740}"
EndProject
Global
	GlobalSection(TestCaseManagementSettings) = postSolution
		CategoryFile = SHCre.Xugd1.vsmdi
	EndGlobalSection
	GlobalSection(SolutionConfigurationPlatforms) = preSolution
		Debug|Any CPU = Debug|Any CPU
		Debug|Mixed Platforms = Debug|Mixed Platforms
		Debug|Win32 = Debug|Win32
		Debug|x64 = Debug|x64
		Debug|x86 = Debug|x86
		Release|Any CPU = Release|Any CPU
		Release|Mixed Platforms = Release|Mixed Platforms
		Release|Win32 = Release|Win32
		Release|x64 = Release|x64
		Release|x86 = Release|x86
	EndGlobalSection
	GlobalSection(ProjectConfigurationPlatforms) = postSolution
		{CFCD1530-535B-4BA3-838E-757A2CB39A38}.Debug|Any CPU.ActiveCfg = Debug|Any CPU
		{CFCD1530-535B-4BA3-838E-757A2CB39A38}.Debug|Any CPU.Build.0 = Debug|Any CPU
		{CFCD1530-535B-4BA3-838E-757A2CB39A38}.Debug|Mixed Platforms.ActiveCfg = Debug|Any CPU
		{CFCD1530-535B-4BA3-838E-757A2CB39A38}.Debug|Mixed Platforms.Build.0 = Debug|Any CPU
		{CFCD1530-535B-4BA3-838E-757A2CB39A38}.Debug|Win32.ActiveCfg = Debug|Any CPU
		{CFCD1530-535B-4BA3-838E-757A2CB39A38}.Debug|x64.ActiveCfg = Debug|Any CPU
		{CFCD1530-535B-4BA3-838E-757A2CB39A38}.Debug|x86.ActiveCfg = Debug|Any CPU
		{CFCD1530-535B-4BA3-838E-757A2CB39A38}.Debug|x86.Build.0 = Debug|Any CPU
		{CFCD1530-535B-4BA3-838E-757A2CB39A38}.Release|Any CPU.ActiveCfg = Release|Any CPU
		{CFCD1530-535B-4BA3-838E-757A2CB39A38}.Release|Any CPU.Build.0 = Release|Any CPU
		{CFCD1530-535B-4BA3-838E-757A2CB39A38}.Release|Mixed Platforms.ActiveCfg = Release|Any CPU
		{CFCD1530-535B-4BA3-838E-757A2CB39A38}.Release|Mixed Platforms.Build.0 = Release|Any CPU
		{CFCD1530-535B-4BA3-838E-757A2CB39A38}.Release|Win32.ActiveCfg = Release|Any CPU
		{CFCD1530-535B-4BA3-838E-757A2CB39A38}.Release|x64.ActiveCfg = Release|Any CPU
		{CFCD1530-535B-4BA3-838E-757A2CB39A38}.Release|x86.ActiveCfg = Release|Any CPU
		{EA805AD9-5CB9-4F2B-99FE-AE22D26176D4}.Debug|Any CPU.ActiveCfg = Debug|Any CPU
		{EA805AD9-5CB9-4F2B-99FE-AE22D26176D4}.Debug|Any CPU.Build.0 = Debug|Any CPU
		{EA805AD9-5CB9-4F2B-99FE-AE22D26176D4}.Debug|Mixed Platforms.ActiveCfg = Debug|Any CPU
		{EA805AD9-5CB9-4F2B-99FE-AE22D26176D4}.Debug|Mixed Platforms.Build.0 = Debug|Any CPU
		{EA805AD9-5CB9-4F2B-99FE-AE22D26176D4}.Debug|Win32.ActiveCfg = Debug|Any CPU
		{EA805AD9-5CB9-4F2B-99FE-AE22D26176D4}.Debug|x64.ActiveCfg = Debug|Any CPU
		{EA805AD9-5CB9-4F2B-99FE-AE22D26176D4}.Debug|x86.ActiveCfg = Debug|Any CPU
		{EA805AD9-5CB9-4F2B-99FE-AE22D26176D4}.Debug|x86.Build.0 = Debug|Any CPU
		{EA805AD9-5CB9-4F2B-99FE-AE22D26176D4}.Release|Any CPU.ActiveCfg = Release|Any CPU
		{EA805AD9-5CB9-4F2B-99FE-AE22D26176D4}.Release|Any CPU.Build.0 = Release|Any CPU
		{EA805AD9-5CB9-4F2B-99FE-AE22D26176D4}.Release|Mixed Platforms.ActiveCfg = Release|Any CPU
		{EA805AD9-5CB9-4F2B-99FE-AE22D26176D4}.Release|Mixed Platforms.Build.0 = Release|Any CPU
		{EA805AD9-5CB9-4F2B-99FE-AE22D26176D4}.Release|Win32.ActiveCfg = Release|Any CPU
		{EA805AD9-5CB9-4F2B-99FE-AE22D26176D4}.Release|x64.ActiveCfg = Release|Any CPU
		{EA805AD9-5CB9-4F2B-99FE-AE22D26176D4}.Release|x86.ActiveCfg = Release|Any CPU
		{49B538E6-0A50-457B-9B04-7689CC66523D}.Debug|Any CPU.ActiveCfg = Debug|Any CPU
		{49B538E6-0A50-457B-9B04-7689CC66523D}.Debug|Any CPU.Build.0 = Debug|Any CPU
		{49B538E6-0A50-457B-9B04-7689CC66523D}.Debug|Mixed Platforms.ActiveCfg = Debug|Any CPU
		{49B538E6-0A50-457B-9B04-7689CC66523D}.Debug|Mixed Platforms.Build.0 = Debug|Any CPU
		{49B538E6-0A50-457B-9B04-7689CC66523D}.Debug|Win32.ActiveCfg = Debug|Any CPU
		{49B538E6-0A50-457B-9B04-7689CC66523D}.Debug|x64.ActiveCfg = Debug|Any CPU
		{49B538E6-0A50-457B-9B04-7689CC66523D}.Debug|x86.ActiveCfg = Debug|Any CPU
		{49B538E6-0A50-457B-9B04-7689CC66523D}.Debug|x86.Build.0 = Debug|Any CPU
		{49B538E6-0A50-457B-9B04-7689CC66523D}.Release|Any CPU.ActiveCfg = Release|Any CPU
		{49B538E6-0A50-457B-9B04-7689CC66523D}.Release|Any CPU.Build.0 = Release|Any CPU
		{49B538E6-0A50-457B-9B04-7689CC66523D}.Release|Mixed Platforms.ActiveCfg = Release|Any CPU
		{49B538E6-0A50-457B-9B04-7689CC66523D}.Release|Mixed Platforms.Build.0 = Release|Any CPU
		{49B538E6-0A50-457B-9B04-7689CC66523D}.Release|Win32.ActiveCfg = Release|Any CPU
		{49B538E6-0A50-457B-9B04-7689CC66523D}.Release|x64.ActiveCfg = Release|Any CPU
		{49B538E6-0A50-457B-9B04-7689CC66523D}.Release|x86.ActiveCfg = Release|Any CPU
		{D0BB16ED-830A-4CCE-AA92-B9651DB10B9F}.Debug|Any CPU.ActiveCfg = Debug|Any CPU
		{D0BB16ED-830A-4CCE-AA92-B9651DB10B9F}.Debug|Any CPU.Build.0 = Debug|Any CPU
		{D0BB16ED-830A-4CCE-AA92-B9651DB10B9F}.Debug|Mixed Platforms.ActiveCfg = Debug|Any CPU
		{D0BB16ED-830A-4CCE-AA92-B9651DB10B9F}.Debug|Mixed Platforms.Build.0 = Debug|Any CPU
		{D0BB16ED-830A-4CCE-AA92-B9651DB10B9F}.Debug|Win32.ActiveCfg = Debug|Any CPU
		{D0BB16ED-830A-4CCE-AA92-B9651DB10B9F}.Debug|x64.ActiveCfg = Debug|Any CPU
		{D0BB16ED-830A-4CCE-AA92-B9651DB10B9F}.Debug|x86.ActiveCfg = Debug|Any CPU
		{D0BB16ED-830A-4CCE-AA92-B9651DB10B9F}.Debug|x86.Build.0 = Debug|Any CPU
		{D0BB16ED-830A-4CCE-AA92-B9651DB10B9F}.Release|Any CPU.ActiveCfg = Release|Any CPU
		{D0BB16ED-830A-4CCE-AA92-B9651DB10B9F}.Release|Any CPU.Build.0 = Release|Any CPU
		{D0BB16ED-830A-4CCE-AA92-B9651DB10B9F}.Release|Mixed Platforms.ActiveCfg = Release|Any CPU
		{D0BB16ED-830A-4CCE-AA92-B9651DB10B9F}.Release|Mixed Platforms.Build.0 = Release|Any CPU
		{D0BB16ED-830A-4CCE-AA92-B9651DB10B9F}.Release|Win32.ActiveCfg = Release|Any CPU
		{D0BB16ED-830A-4CCE-AA92-B9651DB10B9F}.Release|x64.ActiveCfg = Release|Any CPU
		{D0BB16ED-830A-4CCE-AA92-B9651DB10B9F}.Release|x86.ActiveCfg = Release|Any CPU
		{A1F04DDB-73DD-4C02-AFFB-B41C09946D18}.Debug|Any CPU.ActiveCfg = Debug|Any CPU
		{A1F04DDB-73DD-4C02-AFFB-B41C09946D18}.Debug|Any CPU.Build.0 = Debug|Any CPU
		{A1F04DDB-73DD-4C02-AFFB-B41C09946D18}.Debug|Mixed Platforms.ActiveCfg = Debug|Any CPU
		{A1F04DDB-73DD-4C02-AFFB-B41C09946D18}.Debug|Mixed Platforms.Build.0 = Debug|Any CPU
		{A1F04DDB-73DD-4C02-AFFB-B41C09946D18}.Debug|Win32.ActiveCfg = Debug|Any CPU
		{A1F04DDB-73DD-4C02-AFFB-B41C09946D18}.Debug|x64.ActiveCfg = Debug|Any CPU
		{A1F04DDB-73DD-4C02-AFFB-B41C09946D18}.Debug|x86.ActiveCfg = Debug|Any CPU
		{A1F04DDB-73DD-4C02-AFFB-B41C09946D18}.Debug|x86.Build.0 = Debug|Any CPU
		{A1F04DDB-73DD-4C02-AFFB-B41C09946D18}.Release|Any CPU.ActiveCfg = Release|Any CPU
		{A1F04DDB-73DD-4C02-AFFB-B41C09946D18}.Release|Any CPU.Build.0 = Release|Any CPU
		{A1F04DDB-73DD-4C02-AFFB-B41C09946D18}.Release|Mixed Platforms.ActiveCfg = Release|Any CPU
		{A1F04DDB-73DD-4C02-AFFB-B41C09946D18}.Release|Mixed Platforms.Build.0 = Release|Any CPU
		{A1F04DDB-73DD-4C02-AFFB-B41C09946D18}.Release|Win32.ActiveCfg = Release|Any CPU
		{A1F04DDB-73DD-4C02-AFFB-B41C09946D18}.Release|x64.ActiveCfg = Release|Any CPU
		{A1F04DDB-73DD-4C02-AFFB-B41C09946D18}.Release|x86.ActiveCfg = Release|Any CPU
		{223DDB11-57C1-4D11-B8E5-EFEFD7381C0C}.Debug|Any CPU.ActiveCfg = Debug|Any CPU
		{223DDB11-57C1-4D11-B8E5-EFEFD7381C0C}.Debug|Any CPU.Build.0 = Debug|Any CPU
		{223DDB11-57C1-4D11-B8E5-EFEFD7381C0C}.Debug|Mixed Platforms.ActiveCfg = Debug|Any CPU
		{223DDB11-57C1-4D11-B8E5-EFEFD7381C0C}.Debug|Mixed Platforms.Build.0 = Debug|Any CPU
		{223DDB11-57C1-4D11-B8E5-EFEFD7381C0C}.Debug|Win32.ActiveCfg = Debug|Any CPU
		{223DDB11-57C1-4D11-B8E5-EFEFD7381C0C}.Debug|x64.ActiveCfg = Debug|Any CPU
		{223DDB11-57C1-4D11-B8E5-EFEFD7381C0C}.Debug|x86.ActiveCfg = Debug|Any CPU
		{223DDB11-57C1-4D11-B8E5-EFEFD7381C0C}.Debug|x86.Build.0 = Debug|Any CPU
		{223DDB11-57C1-4D11-B8E5-EFEFD7381C0C}.Release|Any CPU.ActiveCfg = Release|Any CPU
		{223DDB11-57C1-4D11-B8E5-EFEFD7381C0C}.Release|Any CPU.Build.0 = Release|Any CPU
		{223DDB11-57C1-4D11-B8E5-EFEFD7381C0C}.Release|Mixed Platforms.ActiveCfg = Release|Any CPU
		{223DDB11-57C1-4D11-B8E5-EFEFD7381C0C}.Release|Mixed Platforms.Build.0 = Release|Any CPU
		{223DDB11-57C1-4D11-B8E5-EFEFD7381C0C}.Release|Win32.ActiveCfg = Release|Any CPU
		{223DDB11-57C1-4D11-B8E5-EFEFD7381C0C}.Release|x64.ActiveCfg = Release|Any CPU
		{223DDB11-57C1-4D11-B8E5-EFEFD7381C0C}.Release|x86.ActiveCfg = Release|Any CPU
		{24B7B103-654A-4A96-9942-96589BD9D8DF}.Debug|Any CPU.ActiveCfg = Debug|Any CPU
		{24B7B103-654A-4A96-9942-96589BD9D8DF}.Debug|Any CPU.Build.0 = Debug|Any CPU
		{24B7B103-654A-4A96-9942-96589BD9D8DF}.Debug|Mixed Platforms.ActiveCfg = Debug|Any CPU
		{24B7B103-654A-4A96-9942-96589BD9D8DF}.Debug|Mixed Platforms.Build.0 = Debug|Any CPU
		{24B7B103-654A-4A96-9942-96589BD9D8DF}.Debug|Win32.ActiveCfg = Debug|Any CPU
		{24B7B103-654A-4A96-9942-96589BD9D8DF}.Debug|x64.ActiveCfg = Debug|Any CPU
		{24B7B103-654A-4A96-9942-96589BD9D8DF}.Debug|x86.ActiveCfg = Debug|Any CPU
		{24B7B103-654A-4A96-9942-96589BD9D8DF}.Debug|x86.Build.0 = Debug|Any CPU
		{24B7B103-654A-4A96-9942-96589BD9D8DF}.Release|Any CPU.ActiveCfg = Release|Any CPU
		{24B7B103-654A-4A96-9942-96589BD9D8DF}.Release|Any CPU.Build.0 = Release|Any CPU
		{24B7B103-654A-4A96-9942-96589BD9D8DF}.Release|Mixed Platforms.ActiveCfg = Release|Any CPU
		{24B7B103-654A-4A96-9942-96589BD9D8DF}.Release|Mixed Platforms.Build.0 = Release|Any CPU
		{24B7B103-654A-4A96-9942-96589BD9D8DF}.Release|Win32.ActiveCfg = Release|Any CPU
		{24B7B103-654A-4A96-9942-96589BD9D8DF}.Release|x64.ActiveCfg = Release|Any CPU
		{24B7B103-654A-4A96-9942-96589BD9D8DF}.Release|x86.ActiveCfg = Release|Any CPU
		{C0B7AEDE-B0AC-4F17-B4A4-CBE7B9CCA4EC}.Debug|Any CPU.ActiveCfg = Debug|Any CPU
		{C0B7AEDE-B0AC-4F17-B4A4-CBE7B9CCA4EC}.Debug|Any CPU.Build.0 = Debug|Any CPU
		{C0B7AEDE-B0AC-4F17-B4A4-CBE7B9CCA4EC}.Debug|Mixed Platforms.ActiveCfg = Debug|Any CPU
		{C0B7AEDE-B0AC-4F17-B4A4-CBE7B9CCA4EC}.Debug|Mixed Platforms.Build.0 = Debug|Any CPU
		{C0B7AEDE-B0AC-4F17-B4A4-CBE7B9CCA4EC}.Debug|Win32.ActiveCfg = Debug|Any CPU
		{C0B7AEDE-B0AC-4F17-B4A4-CBE7B9CCA4EC}.Debug|x64.ActiveCfg = Debug|Any CPU
		{C0B7AEDE-B0AC-4F17-B4A4-CBE7B9CCA4EC}.Debug|x86.ActiveCfg = Debug|Any CPU
		{C0B7AEDE-B0AC-4F17-B4A4-CBE7B9CCA4EC}.Debug|x86.Build.0 = Debug|Any CPU
		{C0B7AEDE-B0AC-4F17-B4A4-CBE7B9CCA4EC}.Release|Any CPU.ActiveCfg = Release|Any CPU
		{C0B7AEDE-B0AC-4F17-B4A4-CBE7B9CCA4EC}.Release|Any CPU.Build.0 = Release|Any CPU
		{C0B7AEDE-B0AC-4F17-B4A4-CBE7B9CCA4EC}.Release|Mixed Platforms.ActiveCfg = Release|Any CPU
		{C0B7AEDE-B0AC-4F17-B4A4-CBE7B9CCA4EC}.Release|Mixed Platforms.Build.0 = Release|Any CPU
		{C0B7AEDE-B0AC-4F17-B4A4-CBE7B9CCA4EC}.Release|Win32.ActiveCfg = Release|Any CPU
		{C0B7AEDE-B0AC-4F17-B4A4-CBE7B9CCA4EC}.Release|x64.ActiveCfg = Release|Any CPU
		{C0B7AEDE-B0AC-4F17-B4A4-CBE7B9CCA4EC}.Release|x86.ActiveCfg = Release|Any CPU
		{5EE91178-4C73-4FE6-91B1-8B891783BDDC}.Debug|Any CPU.ActiveCfg = Debug|x86
		{5EE91178-4C73-4FE6-91B1-8B891783BDDC}.Debug|Mixed Platforms.ActiveCfg = Debug|x86
		{5EE91178-4C73-4FE6-91B1-8B891783BDDC}.Debug|Mixed Platforms.Build.0 = Debug|x86
		{5EE91178-4C73-4FE6-91B1-8B891783BDDC}.Debug|Win32.ActiveCfg = Debug|x86
		{5EE91178-4C73-4FE6-91B1-8B891783BDDC}.Debug|x64.ActiveCfg = Debug|x86
		{5EE91178-4C73-4FE6-91B1-8B891783BDDC}.Debug|x86.ActiveCfg = Debug|x86
		{5EE91178-4C73-4FE6-91B1-8B891783BDDC}.Debug|x86.Build.0 = Debug|x86
		{5EE91178-4C73-4FE6-91B1-8B891783BDDC}.Release|Any CPU.ActiveCfg = Release|x86
		{5EE91178-4C73-4FE6-91B1-8B891783BDDC}.Release|Mixed Platforms.ActiveCfg = Release|x86
		{5EE91178-4C73-4FE6-91B1-8B891783BDDC}.Release|Mixed Platforms.Build.0 = Release|x86
		{5EE91178-4C73-4FE6-91B1-8B891783BDDC}.Release|Win32.ActiveCfg = Release|x86
		{5EE91178-4C73-4FE6-91B1-8B891783BDDC}.Release|x64.ActiveCfg = Release|x86
		{5EE91178-4C73-4FE6-91B1-8B891783BDDC}.Release|x86.ActiveCfg = Release|x86
		{5EE91178-4C73-4FE6-91B1-8B891783BDDC}.Release|x86.Build.0 = Release|x86
		{82E7E206-2BBA-4242-9BE2-609326179950}.Debug|Any CPU.ActiveCfg = Debug|Any CPU
		{82E7E206-2BBA-4242-9BE2-609326179950}.Debug|Any CPU.Build.0 = Debug|Any CPU
		{82E7E206-2BBA-4242-9BE2-609326179950}.Debug|Mixed Platforms.ActiveCfg = Debug|Any CPU
		{82E7E206-2BBA-4242-9BE2-609326179950}.Debug|Mixed Platforms.Build.0 = Debug|Any CPU
		{82E7E206-2BBA-4242-9BE2-609326179950}.Debug|Win32.ActiveCfg = Debug|Any CPU
		{82E7E206-2BBA-4242-9BE2-609326179950}.Debug|x64.ActiveCfg = Debug|Any CPU
		{82E7E206-2BBA-4242-9BE2-609326179950}.Debug|x86.ActiveCfg = Debug|Any CPU
		{82E7E206-2BBA-4242-9BE2-609326179950}.Debug|x86.Build.0 = Debug|Any CPU
		{82E7E206-2BBA-4242-9BE2-609326179950}.Release|Any CPU.ActiveCfg = Release|Any CPU
		{82E7E206-2BBA-4242-9BE2-609326179950}.Release|Any CPU.Build.0 = Release|Any CPU
		{82E7E206-2BBA-4242-9BE2-609326179950}.Release|Mixed Platforms.ActiveCfg = Release|Any CPU
		{82E7E206-2BBA-4242-9BE2-609326179950}.Release|Mixed Platforms.Build.0 = Release|Any CPU
		{82E7E206-2BBA-4242-9BE2-609326179950}.Release|Win32.ActiveCfg = Release|Any CPU
		{82E7E206-2BBA-4242-9BE2-609326179950}.Release|x64.ActiveCfg = Release|Any CPU
		{82E7E206-2BBA-4242-9BE2-609326179950}.Release|x86.ActiveCfg = Release|Any CPU
		{0DE48E0B-8FFF-4985-9F7E-8671BDF404A6}.Debug|Any CPU.ActiveCfg = Debug|x86
		{0DE48E0B-8FFF-4985-9F7E-8671BDF404A6}.Debug|Mixed Platforms.ActiveCfg = Debug|x86
		{0DE48E0B-8FFF-4985-9F7E-8671BDF404A6}.Debug|Mixed Platforms.Build.0 = Debug|x86
		{0DE48E0B-8FFF-4985-9F7E-8671BDF404A6}.Debug|Win32.ActiveCfg = Debug|x86
		{0DE48E0B-8FFF-4985-9F7E-8671BDF404A6}.Debug|x64.ActiveCfg = Debug|x86
		{0DE48E0B-8FFF-4985-9F7E-8671BDF404A6}.Debug|x64.Build.0 = Debug|x86
		{0DE48E0B-8FFF-4985-9F7E-8671BDF404A6}.Debug|x86.ActiveCfg = Debug|x86
		{0DE48E0B-8FFF-4985-9F7E-8671BDF404A6}.Debug|x86.Build.0 = Debug|x86
		{0DE48E0B-8FFF-4985-9F7E-8671BDF404A6}.Release|Any CPU.ActiveCfg = Release|x86
		{0DE48E0B-8FFF-4985-9F7E-8671BDF404A6}.Release|Mixed Platforms.ActiveCfg = Release|x86
		{0DE48E0B-8FFF-4985-9F7E-8671BDF404A6}.Release|Mixed Platforms.Build.0 = Release|x86
		{0DE48E0B-8FFF-4985-9F7E-8671BDF404A6}.Release|Win32.ActiveCfg = Release|x86
		{0DE48E0B-8FFF-4985-9F7E-8671BDF404A6}.Release|x64.ActiveCfg = Release|x86
		{0DE48E0B-8FFF-4985-9F7E-8671BDF404A6}.Release|x64.Build.0 = Release|x86
		{0DE48E0B-8FFF-4985-9F7E-8671BDF404A6}.Release|x86.ActiveCfg = Release|x86
		{0DE48E0B-8FFF-4985-9F7E-8671BDF404A6}.Release|x86.Build.0 = Release|x86
		{D09FB004-6A99-4EAF-B3DD-680F796C3AD3}.Debug|Any CPU.ActiveCfg = Debug|x86
		{D09FB004-6A99-4EAF-B3DD-680F796C3AD3}.Debug|Mixed Platforms.ActiveCfg = Debug|x86
		{D09FB004-6A99-4EAF-B3DD-680F796C3AD3}.Debug|Mixed Platforms.Build.0 = Debug|x86
		{D09FB004-6A99-4EAF-B3DD-680F796C3AD3}.Debug|Win32.ActiveCfg = Debug|x86
		{D09FB004-6A99-4EAF-B3DD-680F796C3AD3}.Debug|x64.ActiveCfg = Debug|x86
		{D09FB004-6A99-4EAF-B3DD-680F796C3AD3}.Debug|x86.ActiveCfg = Debug|x86
		{D09FB004-6A99-4EAF-B3DD-680F796C3AD3}.Debug|x86.Build.0 = Debug|x86
		{D09FB004-6A99-4EAF-B3DD-680F796C3AD3}.Release|Any CPU.ActiveCfg = Release|x86
		{D09FB004-6A99-4EAF-B3DD-680F796C3AD3}.Release|Mixed Platforms.ActiveCfg = Release|x86
		{D09FB004-6A99-4EAF-B3DD-680F796C3AD3}.Release|Mixed Platforms.Build.0 = Release|x86
		{D09FB004-6A99-4EAF-B3DD-680F796C3AD3}.Release|Win32.ActiveCfg = Release|x86
		{D09FB004-6A99-4EAF-B3DD-680F796C3AD3}.Release|x64.ActiveCfg = Release|x86
		{D09FB004-6A99-4EAF-B3DD-680F796C3AD3}.Release|x86.ActiveCfg = Release|x86
		{D09FB004-6A99-4EAF-B3DD-680F796C3AD3}.Release|x86.Build.0 = Release|x86
		{3E273DB8-2470-4BCF-BE87-FDD4BC91E72A}.Debug|Any CPU.ActiveCfg = Debug|x86
		{3E273DB8-2470-4BCF-BE87-FDD4BC91E72A}.Debug|Mixed Platforms.ActiveCfg = Debug|x86
		{3E273DB8-2470-4BCF-BE87-FDD4BC91E72A}.Debug|Mixed Platforms.Build.0 = Debug|x86
		{3E273DB8-2470-4BCF-BE87-FDD4BC91E72A}.Debug|Win32.ActiveCfg = Debug|x86
		{3E273DB8-2470-4BCF-BE87-FDD4BC91E72A}.Debug|x64.ActiveCfg = Debug|x86
		{3E273DB8-2470-4BCF-BE87-FDD4BC91E72A}.Debug|x86.ActiveCfg = Debug|x86
		{3E273DB8-2470-4BCF-BE87-FDD4BC91E72A}.Debug|x86.Build.0 = Debug|x86
		{3E273DB8-2470-4BCF-BE87-FDD4BC91E72A}.Release|Any CPU.ActiveCfg = Release|x86
		{3E273DB8-2470-4BCF-BE87-FDD4BC91E72A}.Release|Mixed Platforms.ActiveCfg = Release|x86
		{3E273DB8-2470-4BCF-BE87-FDD4BC91E72A}.Release|Mixed Platforms.Build.0 = Release|x86
		{3E273DB8-2470-4BCF-BE87-FDD4BC91E72A}.Release|Win32.ActiveCfg = Release|x86
		{3E273DB8-2470-4BCF-BE87-FDD4BC91E72A}.Release|x64.ActiveCfg = Release|x86
		{3E273DB8-2470-4BCF-BE87-FDD4BC91E72A}.Release|x86.ActiveCfg = Release|x86
		{3E273DB8-2470-4BCF-BE87-FDD4BC91E72A}.Release|x86.Build.0 = Release|x86
		{77DFD47E-5088-49E3-81D4-9702FB1EF1AD}.Debug|Any CPU.ActiveCfg = Debug|x86
		{77DFD47E-5088-49E3-81D4-9702FB1EF1AD}.Debug|Mixed Platforms.ActiveCfg = Debug|x86
		{77DFD47E-5088-49E3-81D4-9702FB1EF1AD}.Debug|Mixed Platforms.Build.0 = Debug|x86
		{77DFD47E-5088-49E3-81D4-9702FB1EF1AD}.Debug|Win32.ActiveCfg = Debug|x86
		{77DFD47E-5088-49E3-81D4-9702FB1EF1AD}.Debug|x64.ActiveCfg = Debug|x86
		{77DFD47E-5088-49E3-81D4-9702FB1EF1AD}.Debug|x86.ActiveCfg = Debug|x86
		{77DFD47E-5088-49E3-81D4-9702FB1EF1AD}.Debug|x86.Build.0 = Debug|x86
		{77DFD47E-5088-49E3-81D4-9702FB1EF1AD}.Release|Any CPU.ActiveCfg = Release|x86
		{77DFD47E-5088-49E3-81D4-9702FB1EF1AD}.Release|Mixed Platforms.ActiveCfg = Release|x86
		{77DFD47E-5088-49E3-81D4-9702FB1EF1AD}.Release|Mixed Platforms.Build.0 = Release|x86
		{77DFD47E-5088-49E3-81D4-9702FB1EF1AD}.Release|Win32.ActiveCfg = Release|x86
		{77DFD47E-5088-49E3-81D4-9702FB1EF1AD}.Release|x64.ActiveCfg = Release|x86
		{77DFD47E-5088-49E3-81D4-9702FB1EF1AD}.Release|x86.ActiveCfg = Release|x86
		{77DFD47E-5088-49E3-81D4-9702FB1EF1AD}.Release|x86.Build.0 = Release|x86
		{2DC42811-DBFF-43CE-9B38-E5B3D43C317D}.Debug|Any CPU.ActiveCfg = Debug|Any CPU
		{2DC42811-DBFF-43CE-9B38-E5B3D43C317D}.Debug|Any CPU.Build.0 = Debug|Any CPU
		{2DC42811-DBFF-43CE-9B38-E5B3D43C317D}.Debug|Mixed Platforms.ActiveCfg = Debug|Any CPU
		{2DC42811-DBFF-43CE-9B38-E5B3D43C317D}.Debug|Mixed Platforms.Build.0 = Debug|Any CPU
		{2DC42811-DBFF-43CE-9B38-E5B3D43C317D}.Debug|Win32.ActiveCfg = Debug|Any CPU
		{2DC42811-DBFF-43CE-9B38-E5B3D43C317D}.Debug|x64.ActiveCfg = Debug|Any CPU
		{2DC42811-DBFF-43CE-9B38-E5B3D43C317D}.Debug|x86.ActiveCfg = Debug|Any CPU
		{2DC42811-DBFF-43CE-9B38-E5B3D43C317D}.Debug|x86.Build.0 = Debug|Any CPU
		{2DC42811-DBFF-43CE-9B38-E5B3D43C317D}.Release|Any CPU.ActiveCfg = Release|Any CPU
		{2DC42811-DBFF-43CE-9B38-E5B3D43C317D}.Release|Any CPU.Build.0 = Release|Any CPU
		{2DC42811-DBFF-43CE-9B38-E5B3D43C317D}.Release|Mixed Platforms.ActiveCfg = Release|Any CPU
		{2DC42811-DBFF-43CE-9B38-E5B3D43C317D}.Release|Mixed Platforms.Build.0 = Release|Any CPU
		{2DC42811-DBFF-43CE-9B38-E5B3D43C317D}.Release|Win32.ActiveCfg = Release|Any CPU
		{2DC42811-DBFF-43CE-9B38-E5B3D43C317D}.Release|x64.ActiveCfg = Release|Any CPU
		{2DC42811-DBFF-43CE-9B38-E5B3D43C317D}.Release|x86.ActiveCfg = Release|Any CPU
		{2C797B55-7371-4B63-B4A2-23A354E6F0D0}.Debug|Any CPU.ActiveCfg = Debug|x86
		{2C797B55-7371-4B63-B4A2-23A354E6F0D0}.Debug|Mixed Platforms.ActiveCfg = Debug|x86
		{2C797B55-7371-4B63-B4A2-23A354E6F0D0}.Debug|Mixed Platforms.Build.0 = Debug|x86
		{2C797B55-7371-4B63-B4A2-23A354E6F0D0}.Debug|Win32.ActiveCfg = Debug|x86
		{2C797B55-7371-4B63-B4A2-23A354E6F0D0}.Debug|x64.ActiveCfg = Debug|x86
		{2C797B55-7371-4B63-B4A2-23A354E6F0D0}.Debug|x86.ActiveCfg = Debug|x86
		{2C797B55-7371-4B63-B4A2-23A354E6F0D0}.Debug|x86.Build.0 = Debug|x86
		{2C797B55-7371-4B63-B4A2-23A354E6F0D0}.Release|Any CPU.ActiveCfg = Release|x86
		{2C797B55-7371-4B63-B4A2-23A354E6F0D0}.Release|Mixed Platforms.ActiveCfg = Release|x86
		{2C797B55-7371-4B63-B4A2-23A354E6F0D0}.Release|Mixed Platforms.Build.0 = Release|x86
		{2C797B55-7371-4B63-B4A2-23A354E6F0D0}.Release|Win32.ActiveCfg = Release|x86
		{2C797B55-7371-4B63-B4A2-23A354E6F0D0}.Release|x64.ActiveCfg = Release|x86
		{2C797B55-7371-4B63-B4A2-23A354E6F0D0}.Release|x86.ActiveCfg = Release|x86
		{2C797B55-7371-4B63-B4A2-23A354E6F0D0}.Release|x86.Build.0 = Release|x86
		{CF8D60BF-69CA-461E-84A4-CD9AC1472427}.Debug|Any CPU.ActiveCfg = Debug|x86
		{CF8D60BF-69CA-461E-84A4-CD9AC1472427}.Debug|Mixed Platforms.ActiveCfg = Debug|x86
		{CF8D60BF-69CA-461E-84A4-CD9AC1472427}.Debug|Mixed Platforms.Build.0 = Debug|x86
		{CF8D60BF-69CA-461E-84A4-CD9AC1472427}.Debug|Win32.ActiveCfg = Debug|x86
		{CF8D60BF-69CA-461E-84A4-CD9AC1472427}.Debug|x64.ActiveCfg = Debug|x86
		{CF8D60BF-69CA-461E-84A4-CD9AC1472427}.Debug|x86.ActiveCfg = Debug|x86
		{CF8D60BF-69CA-461E-84A4-CD9AC1472427}.Debug|x86.Build.0 = Debug|x86
		{CF8D60BF-69CA-461E-84A4-CD9AC1472427}.Release|Any CPU.ActiveCfg = Release|x86
		{CF8D60BF-69CA-461E-84A4-CD9AC1472427}.Release|Mixed Platforms.ActiveCfg = Release|x86
		{CF8D60BF-69CA-461E-84A4-CD9AC1472427}.Release|Mixed Platforms.Build.0 = Release|x86
		{CF8D60BF-69CA-461E-84A4-CD9AC1472427}.Release|Win32.ActiveCfg = Release|x86
		{CF8D60BF-69CA-461E-84A4-CD9AC1472427}.Release|x64.ActiveCfg = Release|x86
		{CF8D60BF-69CA-461E-84A4-CD9AC1472427}.Release|x86.ActiveCfg = Release|x86
		{CF8D60BF-69CA-461E-84A4-CD9AC1472427}.Release|x86.Build.0 = Release|x86
		{92D8FF2E-A99C-410B-9C4E-7961CA4DADB3}.Debug|Any CPU.ActiveCfg = Debug|Any CPU
		{92D8FF2E-A99C-410B-9C4E-7961CA4DADB3}.Debug|Any CPU.Build.0 = Debug|Any CPU
		{92D8FF2E-A99C-410B-9C4E-7961CA4DADB3}.Debug|Mixed Platforms.ActiveCfg = Debug|Any CPU
		{92D8FF2E-A99C-410B-9C4E-7961CA4DADB3}.Debug|Mixed Platforms.Build.0 = Debug|Any CPU
		{92D8FF2E-A99C-410B-9C4E-7961CA4DADB3}.Debug|Win32.ActiveCfg = Debug|Any CPU
		{92D8FF2E-A99C-410B-9C4E-7961CA4DADB3}.Debug|x64.ActiveCfg = Debug|Any CPU
		{92D8FF2E-A99C-410B-9C4E-7961CA4DADB3}.Debug|x86.ActiveCfg = Debug|Any CPU
		{92D8FF2E-A99C-410B-9C4E-7961CA4DADB3}.Release|Any CPU.ActiveCfg = Release|Any CPU
		{92D8FF2E-A99C-410B-9C4E-7961CA4DADB3}.Release|Any CPU.Build.0 = Release|Any CPU
		{92D8FF2E-A99C-410B-9C4E-7961CA4DADB3}.Release|Mixed Platforms.ActiveCfg = Release|Any CPU
		{92D8FF2E-A99C-410B-9C4E-7961CA4DADB3}.Release|Mixed Platforms.Build.0 = Release|Any CPU
		{92D8FF2E-A99C-410B-9C4E-7961CA4DADB3}.Release|Win32.ActiveCfg = Release|Any CPU
		{92D8FF2E-A99C-410B-9C4E-7961CA4DADB3}.Release|x64.ActiveCfg = Release|Any CPU
		{92D8FF2E-A99C-410B-9C4E-7961CA4DADB3}.Release|x86.ActiveCfg = Release|Any CPU
		{D27CF69D-4681-492A-BE4D-D3D209104423}.Debug|Any CPU.ActiveCfg = Debug|Any CPU
		{D27CF69D-4681-492A-BE4D-D3D209104423}.Debug|Any CPU.Build.0 = Debug|Any CPU
		{D27CF69D-4681-492A-BE4D-D3D209104423}.Debug|Mixed Platforms.ActiveCfg = Debug|Any CPU
		{D27CF69D-4681-492A-BE4D-D3D209104423}.Debug|Mixed Platforms.Build.0 = Debug|Any CPU
		{D27CF69D-4681-492A-BE4D-D3D209104423}.Debug|Win32.ActiveCfg = Debug|Any CPU
		{D27CF69D-4681-492A-BE4D-D3D209104423}.Debug|x64.ActiveCfg = Debug|Any CPU
		{D27CF69D-4681-492A-BE4D-D3D209104423}.Debug|x86.ActiveCfg = Debug|Any CPU
		{D27CF69D-4681-492A-BE4D-D3D209104423}.Release|Any CPU.ActiveCfg = Release|Any CPU
		{D27CF69D-4681-492A-BE4D-D3D209104423}.Release|Any CPU.Build.0 = Release|Any CPU
		{D27CF69D-4681-492A-BE4D-D3D209104423}.Release|Mixed Platforms.ActiveCfg = Release|Any CPU
		{D27CF69D-4681-492A-BE4D-D3D209104423}.Release|Mixed Platforms.Build.0 = Release|Any CPU
		{D27CF69D-4681-492A-BE4D-D3D209104423}.Release|Win32.ActiveCfg = Release|Any CPU
		{D27CF69D-4681-492A-BE4D-D3D209104423}.Release|x64.ActiveCfg = Release|Any CPU
		{D27CF69D-4681-492A-BE4D-D3D209104423}.Release|x86.ActiveCfg = Release|Any CPU
		{E9F767AD-182D-4B7F-A706-414F51ADB740}.Debug|Any CPU.ActiveCfg = Debug|Any CPU
		{E9F767AD-182D-4B7F-A706-414F51ADB740}.Debug|Any CPU.Build.0 = Debug|Any CPU
		{E9F767AD-182D-4B7F-A706-414F51ADB740}.Debug|Mixed Platforms.ActiveCfg = Debug|Any CPU
		{E9F767AD-182D-4B7F-A706-414F51ADB740}.Debug|Mixed Platforms.Build.0 = Debug|Any CPU
		{E9F767AD-182D-4B7F-A706-414F51ADB740}.Debug|Win32.ActiveCfg = Debug|Any CPU
		{E9F767AD-182D-4B7F-A706-414F51ADB740}.Debug|x64.ActiveCfg = Debug|Any CPU
		{E9F767AD-182D-4B7F-A706-414F51ADB740}.Debug|x86.ActiveCfg = Debug|Any CPU
		{E9F767AD-182D-4B7F-A706-414F51ADB740}.Release|Any CPU.ActiveCfg = Release|Any CPU
		{E9F767AD-182D-4B7F-A706-414F51ADB740}.Release|Any CPU.Build.0 = Release|Any CPU
		{E9F767AD-182D-4B7F-A706-414F51ADB740}.Release|Mixed Platforms.ActiveCfg = Release|Any CPU
		{E9F767AD-182D-4B7F-A706-414F51ADB740}.Release|Mixed Platforms.Build.0 = Release|Any CPU
		{E9F767AD-182D-4B7F-A706-414F51ADB740}.Release|Win32.ActiveCfg = Release|Any CPU
		{E9F767AD-182D-4B7F-A706-414F51ADB740}.Release|x64.ActiveCfg = Release|Any CPU
		{E9F767AD-182D-4B7F-A706-414F51ADB740}.Release|x86.ActiveCfg = Release|Any CPU
	EndGlobalSection
	GlobalSection(SolutionProperties) = preSolution
		HideSolutionNode = FALSE
	EndGlobalSection
	GlobalSection(NestedProjects) = preSolution
		{5EE91178-4C73-4FE6-91B1-8B891783BDDC} = {7F93E62E-A774-4903-8435-588A9C5C63F8}
		{82E7E206-2BBA-4242-9BE2-609326179950} = {7F93E62E-A774-4903-8435-588A9C5C63F8}
		{0DE48E0B-8FFF-4985-9F7E-8671BDF404A6} = {7F93E62E-A774-4903-8435-588A9C5C63F8}
		{D09FB004-6A99-4EAF-B3DD-680F796C3AD3} = {7F93E62E-A774-4903-8435-588A9C5C63F8}
		{3E273DB8-2470-4BCF-BE87-FDD4BC91E72A} = {7F93E62E-A774-4903-8435-588A9C5C63F8}
		{77DFD47E-5088-49E3-81D4-9702FB1EF1AD} = {7F93E62E-A774-4903-8435-588A9C5C63F8}
		{2C797B55-7371-4B63-B4A2-23A354E6F0D0} = {7F93E62E-A774-4903-8435-588A9C5C63F8}
		{CF8D60BF-69CA-461E-84A4-CD9AC1472427} = {7F93E62E-A774-4903-8435-588A9C5C63F8}
	EndGlobalSection
EndGlobal
